
Microsoft Visual Studio Solution File, Format Version 12.00
# Visual Studio 14
VisualStudioVersion = 14.0.25420.1
MinimumVisualStudioVersion = 10.0.40219.1
Project("{F184B08F-C81C-45F6-A57F-5ABD9991F28F}") = "ET_Calculator_streamlined_v11_GIT", "ET_Calculator_streamlined_v11_GIT\ET_Calculator_streamlined_v11_GIT.vbproj", "{F354530A-9DE2-4B18-A33B-9877EDFD4905}"
EndProject
Project("{FAE04EC0-301F-11D3-BF4B-00C04F79EFBC}") = "Hourly_Ref_ET_Calculator", "Hourly_Ref_ET_Calculator_\Hourly_Ref_ET_Calculator.csproj", "{D24815CD-16DC-4387-AB66-C6874FAA73BD}"
EndProject
Global
	GlobalSection(SolutionConfigurationPlatforms) = preSolution
		Debug|Any CPU = Debug|Any CPU
		Debug|x64 = Debug|x64
		Debug|x86 = Debug|x86
		Release|Any CPU = Release|Any CPU
		Release|x64 = Release|x64
		Release|x86 = Release|x86
	EndGlobalSection
	GlobalSection(ProjectConfigurationPlatforms) = postSolution
		{F354530A-9DE2-4B18-A33B-9877EDFD4905}.Debug|Any CPU.ActiveCfg = Debug|Any CPU
		{F354530A-9DE2-4B18-A33B-9877EDFD4905}.Debug|Any CPU.Build.0 = Debug|Any CPU
		{F354530A-9DE2-4B18-A33B-9877EDFD4905}.Debug|x64.ActiveCfg = Debug|x64
		{F354530A-9DE2-4B18-A33B-9877EDFD4905}.Debug|x64.Build.0 = Debug|x64
		{F354530A-9DE2-4B18-A33B-9877EDFD4905}.Debug|x86.ActiveCfg = Debug|x86
		{F354530A-9DE2-4B18-A33B-9877EDFD4905}.Debug|x86.Build.0 = Debug|x86
		{F354530A-9DE2-4B18-A33B-9877EDFD4905}.Release|Any CPU.ActiveCfg = Release|Any CPU
		{F354530A-9DE2-4B18-A33B-9877EDFD4905}.Release|Any CPU.Build.0 = Release|Any CPU
		{F354530A-9DE2-4B18-A33B-9877EDFD4905}.Release|x64.ActiveCfg = Release|x64
		{F354530A-9DE2-4B18-A33B-9877EDFD4905}.Release|x64.Build.0 = Release|x64
		{F354530A-9DE2-4B18-A33B-9877EDFD4905}.Release|x86.ActiveCfg = Release|x86
		{F354530A-9DE2-4B18-A33B-9877EDFD4905}.Release|x86.Build.0 = Release|x86
		{D24815CD-16DC-4387-AB66-C6874FAA73BD}.Debug|Any CPU.ActiveCfg = Debug|Any CPU
		{D24815CD-16DC-4387-AB66-C6874FAA73BD}.Debug|Any CPU.Build.0 = Debug|Any CPU
		{D24815CD-16DC-4387-AB66-C6874FAA73BD}.Debug|x64.ActiveCfg = Debug|Any CPU
		{D24815CD-16DC-4387-AB66-C6874FAA73BD}.Debug|x64.Build.0 = Debug|Any CPU
		{D24815CD-16DC-4387-AB66-C6874FAA73BD}.Debug|x86.ActiveCfg = Debug|Any CPU
		{D24815CD-16DC-4387-AB66-C6874FAA73BD}.Debug|x86.Build.0 = Debug|Any CPU
		{D24815CD-16DC-4387-AB66-C6874FAA73BD}.Release|Any CPU.ActiveCfg = Release|Any CPU
		{D24815CD-16DC-4387-AB66-C6874FAA73BD}.Release|Any CPU.Build.0 = Release|Any CPU
		{D24815CD-16DC-4387-AB66-C6874FAA73BD}.Release|x64.ActiveCfg = Release|Any CPU
		{D24815CD-16DC-4387-AB66-C6874FAA73BD}.Release|x64.Build.0 = Release|Any CPU
		{D24815CD-16DC-4387-AB66-C6874FAA73BD}.Release|x86.ActiveCfg = Release|Any CPU
		{D24815CD-16DC-4387-AB66-C6874FAA73BD}.Release|x86.Build.0 = Release|Any CPU
	EndGlobalSection
	GlobalSection(SolutionProperties) = preSolution
		HideSolutionNode = FALSE
	EndGlobalSection
	GlobalSection(ExtensibilityGlobals) = postSolution
		SolutionGuid = {54277CB6-E839-4BC2-849C-BF745A25CE63}
	EndGlobalSection
EndGlobal
